
Microsoft Visual Studio Solution File, Format Version 12.00
# Visual Studio 15
VisualStudioVersion = 15.0.28307.168
MinimumVisualStudioVersion = 10.0.40219.1
Project("{9A19103F-16F7-4668-BE54-9A1E7A4F7556}") = "BuddyBux", "BuddyBux\BuddyBux.csproj", "{9E42D5A9-9924-4FF8-B8B1-E3BC402DBAC4}"
EndProject
Project("{9A19103F-16F7-4668-BE54-9A1E7A4F7556}") = "BuddyBuxCLI", "BuddyBuxCLI\BuddyBuxCLI.csproj", "{17AE65B4-2B02-4C60-8408-77596B6DB116}"
EndProject
Project("{9A19103F-16F7-4668-BE54-9A1E7A4F7556}") = "BuddyBuxTest", "BuddyBuxTest\BuddyBuxTest.csproj", "{49268DEF-7EB5-4D8F-AF15-2E76A96D2ECC}"
EndProject
Project("{FAE04EC0-301F-11D3-BF4B-00C04F79EFBC}") = "BuddyBuxWebAPI", "BuddyBuxWebAPI\BuddyBuxWebAPI.csproj", "{A8BB26C7-68E2-436B-81AD-E20972B10512}"
EndProject
Global
	GlobalSection(SolutionConfigurationPlatforms) = preSolution
		Debug|Any CPU = Debug|Any CPU
		Release|Any CPU = Release|Any CPU
	EndGlobalSection
	GlobalSection(ProjectConfigurationPlatforms) = postSolution
		{9E42D5A9-9924-4FF8-B8B1-E3BC402DBAC4}.Debug|Any CPU.ActiveCfg = Debug|Any CPU
		{9E42D5A9-9924-4FF8-B8B1-E3BC402DBAC4}.Debug|Any CPU.Build.0 = Debug|Any CPU
		{9E42D5A9-9924-4FF8-B8B1-E3BC402DBAC4}.Release|Any CPU.ActiveCfg = Release|Any CPU
		{9E42D5A9-9924-4FF8-B8B1-E3BC402DBAC4}.Release|Any CPU.Build.0 = Release|Any CPU
		{17AE65B4-2B02-4C60-8408-77596B6DB116}.Debug|Any CPU.ActiveCfg = Debug|Any CPU
		{17AE65B4-2B02-4C60-8408-77596B6DB116}.Debug|Any CPU.Build.0 = Debug|Any CPU
		{17AE65B4-2B02-4C60-8408-77596B6DB116}.Release|Any CPU.ActiveCfg = Release|Any CPU
		{17AE65B4-2B02-4C60-8408-77596B6DB116}.Release|Any CPU.Build.0 = Release|Any CPU
		{49268DEF-7EB5-4D8F-AF15-2E76A96D2ECC}.Debug|Any CPU.ActiveCfg = Debug|Any CPU
		{49268DEF-7EB5-4D8F-AF15-2E76A96D2ECC}.Debug|Any CPU.Build.0 = Debug|Any CPU
		{49268DEF-7EB5-4D8F-AF15-2E76A96D2ECC}.Release|Any CPU.ActiveCfg = Release|Any CPU
		{49268DEF-7EB5-4D8F-AF15-2E76A96D2ECC}.Release|Any CPU.Build.0 = Release|Any CPU
		{A8BB26C7-68E2-436B-81AD-E20972B10512}.Debug|Any CPU.ActiveCfg = Debug|Any CPU
		{A8BB26C7-68E2-436B-81AD-E20972B10512}.Debug|Any CPU.Build.0 = Debug|Any CPU
		{A8BB26C7-68E2-436B-81AD-E20972B10512}.Release|Any CPU.ActiveCfg = Release|Any CPU
		{A8BB26C7-68E2-436B-81AD-E20972B10512}.Release|Any CPU.Build.0 = Release|Any CPU
	EndGlobalSection
	GlobalSection(SolutionProperties) = preSolution
		HideSolutionNode = FALSE
	EndGlobalSection
	GlobalSection(ExtensibilityGlobals) = postSolution
		SolutionGuid = {2AD98AEF-3DA4-4E0F-82F9-3D7F698203A3}
	EndGlobalSection
EndGlobal
